
Microsoft Visual Studio Solution File, Format Version 12.00
# Visual Studio Version 17
VisualStudioVersion = 17.6.33829.357
MinimumVisualStudioVersion = 10.0.40219.1
Project("{54A90642-561A-4BB1-A94E-469ADEE60C69}") = "galeriaprojfrontframeworkrk", "galeriaprojfrontframeworkrk.esproj", "{14B2B4C3-7685-4E1B-85FE-1244248C626C}"
EndProject
Global
	GlobalSection(SolutionConfigurationPlatforms) = preSolution
		Debug|Any CPU = Debug|Any CPU
		Release|Any CPU = Release|Any CPU
	EndGlobalSection
	GlobalSection(ProjectConfigurationPlatforms) = postSolution
		{14B2B4C3-7685-4E1B-85FE-1244248C626C}.Debug|Any CPU.ActiveCfg = Debug|Any CPU
		{14B2B4C3-7685-4E1B-85FE-1244248C626C}.Debug|Any CPU.Build.0 = Debug|Any CPU
		{14B2B4C3-7685-4E1B-85FE-1244248C626C}.Debug|Any CPU.Deploy.0 = Debug|Any CPU
		{14B2B4C3-7685-4E1B-85FE-1244248C626C}.Release|Any CPU.ActiveCfg = Release|Any CPU
		{14B2B4C3-7685-4E1B-85FE-1244248C626C}.Release|Any CPU.Build.0 = Release|Any CPU
		{14B2B4C3-7685-4E1B-85FE-1244248C626C}.Release|Any CPU.Deploy.0 = Release|Any CPU
	EndGlobalSection
	GlobalSection(SolutionProperties) = preSolution
		HideSolutionNode = FALSE
	EndGlobalSection
	GlobalSection(ExtensibilityGlobals) = postSolution
		SolutionGuid = {9BE838F8-F014-489C-8123-6A31C51A040E}
	EndGlobalSection
EndGlobal
